
Microsoft Visual Studio Solution File, Format Version 11.00
# Visual Studio 2010
Project("{FAE04EC0-301F-11D3-BF4B-00C04F79EFBC}") = "udacity-vrnd-focus-media-2", "Assembly-CSharp-firstpass.csproj", "{432B21D3-F8D5-DC64-F75D-E319209C96A1}"
EndProject
Project("{FAE04EC0-301F-11D3-BF4B-00C04F79EFBC}") = "udacity-vrnd-focus-media-2", "Assembly-CSharp.csproj", "{F5A0EE2C-A690-CBFA-2601-116B34F0BF00}"
EndProject
Project("{FAE04EC0-301F-11D3-BF4B-00C04F79EFBC}") = "udacity-vrnd-focus-media-2", "Assembly-CSharp-Editor-firstpass.csproj", "{8D96F585-B06E-2EE0-6327-EA830AE7D52D}"
EndProject
Project("{FAE04EC0-301F-11D3-BF4B-00C04F79EFBC}") = "udacity-vrnd-focus-media-2", "Assembly-CSharp-Editor.csproj", "{B73E111F-FC48-5482-FDD1-8190A6283912}"
EndProject
Global
	GlobalSection(SolutionConfigurationPlatforms) = preSolution
		Debug|Any CPU = Debug|Any CPU
		Release|Any CPU = Release|Any CPU
	EndGlobalSection
	GlobalSection(ProjectConfigurationPlatforms) = postSolution
		{432B21D3-F8D5-DC64-F75D-E319209C96A1}.Debug|Any CPU.ActiveCfg = Debug|Any CPU
		{432B21D3-F8D5-DC64-F75D-E319209C96A1}.Debug|Any CPU.Build.0 = Debug|Any CPU
		{432B21D3-F8D5-DC64-F75D-E319209C96A1}.Release|Any CPU.ActiveCfg = Release|Any CPU
		{432B21D3-F8D5-DC64-F75D-E319209C96A1}.Release|Any CPU.Build.0 = Release|Any CPU
		{F5A0EE2C-A690-CBFA-2601-116B34F0BF00}.Debug|Any CPU.ActiveCfg = Debug|Any CPU
		{F5A0EE2C-A690-CBFA-2601-116B34F0BF00}.Debug|Any CPU.Build.0 = Debug|Any CPU
		{F5A0EE2C-A690-CBFA-2601-116B34F0BF00}.Release|Any CPU.ActiveCfg = Release|Any CPU
		{F5A0EE2C-A690-CBFA-2601-116B34F0BF00}.Release|Any CPU.Build.0 = Release|Any CPU
		{8D96F585-B06E-2EE0-6327-EA830AE7D52D}.Debug|Any CPU.ActiveCfg = Debug|Any CPU
		{8D96F585-B06E-2EE0-6327-EA830AE7D52D}.Debug|Any CPU.Build.0 = Debug|Any CPU
		{8D96F585-B06E-2EE0-6327-EA830AE7D52D}.Release|Any CPU.ActiveCfg = Release|Any CPU
		{8D96F585-B06E-2EE0-6327-EA830AE7D52D}.Release|Any CPU.Build.0 = Release|Any CPU
		{B73E111F-FC48-5482-FDD1-8190A6283912}.Debug|Any CPU.ActiveCfg = Debug|Any CPU
		{B73E111F-FC48-5482-FDD1-8190A6283912}.Debug|Any CPU.Build.0 = Debug|Any CPU
		{B73E111F-FC48-5482-FDD1-8190A6283912}.Release|Any CPU.ActiveCfg = Release|Any CPU
		{B73E111F-FC48-5482-FDD1-8190A6283912}.Release|Any CPU.Build.0 = Release|Any CPU
	EndGlobalSection
	GlobalSection(SolutionProperties) = preSolution
		HideSolutionNode = FALSE
	EndGlobalSection
	GlobalSection(MonoDevelopProperties) = preSolution
		StartupItem = Assembly-CSharp.csproj
	EndGlobalSection
EndGlobal
